github.com/360EntSecGroup-Skylar/excelize/v2 v2.0.1 h1:gnknz1/4RnpL2fZsJzsqsGHgjWDT7k11tGPsFiDQeDk=
github.com/360EntSecGroup-Skylar/excelize/v2 v2.0.1/go.mod h1:fkN+AZg31J/y9B4AtylxjzzNYetIxi6cElYu/WBUb7g=
github.com/PuerkitoBio/goquery v1.5.0 h1:uGvmFXOA73IKluu/F84Xd1tt/z07GYm8X49XKHP7EJk=
github.com/PuerkitoBio/goquery v1.5.0/go.mod h1:qD2PgZ9lccMbQlc7eEOjaeRlFQON7xY8kdmcsrnKqMg=
github.com/akavel/rsrc v0.8.0 h1:zjWn7ukO9Kc5Q62DOJCcxGpXC18RawVtYAGdz2aLlfw=
github.com/akavel/rsrc v0.8.0/go.mod h1:uLoCtb9J+EyAqh+26kdrTgmzRBFPGOolLWKpdxkKq+c=
github.com/andybalholm/cascadia v1.0.0 h1:hOCXnnZ5A+3eVDX8pvgl4kofXv2ELss0bKcqRySc45o=
github.com/andybalholm/cascadia v1.0.0/go.mod h1:GsXiBklL0woXo1j/WYWtSYYC4ouU9PqHO0sqidkEA4Y=
github.com/davecgh/go-spew v1.1.0/go.mod h1:J7Y8YcW2NihsgmVo/mv3lAwl/skON4iLHjSsI+c5H38=
github.com/davecgh/go-spew v1.1.1/go.mod h1:J7Y8YcW2NihsgmVo/mv3lAwl/skON4iLHjSsI+c5H38=
github.com/konsorten/go-windows-terminal-sequences v1.0.1 h1:mweAR1A6xJ3oS2pRaGiHgQ4OO8tzTaLawm8vnODuwDk=
github.com/konsorten/go-windows-terminal-sequences v1.0.1/go.mod h1:T0+1ngSBFLxvqU3pZ+m/2kptfBszLMUkC4ZK/EgS/cQ=
github.com/lxn/walk v0.0.0-20190619151032-86d8802c197a h1:6OEIaT0kMsN7UYnMK3i9JqwDMIyUtVYMfVNyjvhX98w=
github.com/lxn/walk v0.0.0-20190619151032-86d8802c197a/go.mod h1:E23UucZGqpuUANJooIbHWCufXvOcT6E7Stq81gU+CSQ=
github.com/lxn/win v0.0.0-20190716185335-d1d36f0e4f48 h1:J2doxiYgOxforcFE2tj6KyLIDF+fBUODRUVNf0EVdnI=
github.com/lxn/win v0.0.0-20190716185335-d1d36f0e4f48/go.mod h1:oO6+4g3P1GcPAG7LPffwn8Ye0cxW0goh0sUZ6+lRFPs=
github.com/mohae/deepcopy v0.0.0-20170929034955-c48cc78d4826 h1:RWengNIwukTxcDr9M+97sNutRR1RKhG96O6jWumTTnw=
github.com/mohae/deepcopy v0.0.0-20170929034955-c48cc78d4826/go.mod h1:TaXosZuwdSHYgviHp1DAtfrULt5eUgsSMsZf+YrPgl8=
github.com/pmezard/go-difflib v1.0.0/go.mod h1:iKH77koFhYxTK1pcRnkKkqfTogsbg7gZNVY4sRDYZ/4=
github.com/sirupsen/logrus v1.4.2 h1:SPIRibHv4MatM3XXNO2BJeFLZwZ2LvZgfQ5+UNI2im4=
github.com/sirupsen/logrus v1.4.2/go.mod h1:tLMulIdttU9McNUspp0xgXVQah82FyeX6MwdIuYE2rE=
github.com/stretchr/objx v0.1.0/go.mod h1:HFkY916IF+rwdDfMAkV7OtwuqBVzrE8GR6GFx+wExME=
github.com/stretchr/objx v0.1.1/go.mod h1:HFkY916IF+rwdDfMAkV7OtwuqBVzrE8GR6GFx+wExME=
github.com/stretchr/testify v1.2.2/go.mod h1:a8OnRcib4nhh0OaRAV+Yts87kKdq0PP7pXfy6kDkUVs=
github.com/stretchr/testify v1.3.0/go.mod h1:M5WIy9Dh21IEIfnGCwXGc5bZfKNJtfHm1UVUgZn+9EI=
golang.org/x/net v0.0.0-20180218175443-cbe0f9307d01/go.mod h1:mL1N/T3taQHkDXs73rZJwtUhF3w3ftmwwsq0BUmARs4=
golang.org/x/net v0.0.0-20181114220301-adae6a3d119a h1:gOpx8G595UYyvj8UK4+OFyY4rx037g3fmfhe5SasG3U=
golang.org/x/net v0.0.0-20181114220301-adae6a3d119a/go.mod h1:mL1N/T3taQHkDXs73rZJwtUhF3w3ftmwwsq0BUmARs4=
golang.org/x/sys v0.0.0-20190422165155-953cdadca894 h1:Cz4ceDQGXuKRnVBDTS23GTn/pU5OE2C0WrNTOYK1Uuc=
golang.org/x/sys v0.0.0-20190422165155-953cdadca894/go.mod h1:h1NjWce9XRLGQEsW7wpKNCjG9DtNlClVuFLEZdDNbEs=
gopkg.in/Knetic/govaluate.v3 v3.0.0 h1:18mUyIt4ZlRlFZAAfVetz4/rzlJs9yhN+U02F4u1AOc=
gopkg.in/Knetic/govaluate.v3 v3.0.0/go.mod h1:csKLBORsPbafmSCGTEh3U7Ozmsuq8ZSIlKk1bcqph0E=
